
Microsoft Visual Studio Solution File, Format Version 11.00
# Visual Studio 2010
Project("{FAE04EC0-301F-11D3-BF4B-00C04F79EFBC}") = "test03", "Assembly-CSharp.csproj", "{765B5B25-EB8A-BDB4-B5FF-13B554322559}"
EndProject
Global
	GlobalSection(SolutionConfigurationPlatforms) = preSolution
		Debug|Any CPU = Debug|Any CPU
		Release|Any CPU = Release|Any CPU
	EndGlobalSection
	GlobalSection(ProjectConfigurationPlatforms) = postSolution
		{765B5B25-EB8A-BDB4-B5FF-13B554322559}.Debug|Any CPU.ActiveCfg = Debug|Any CPU
		{765B5B25-EB8A-BDB4-B5FF-13B554322559}.Debug|Any CPU.Build.0 = Debug|Any CPU
		{765B5B25-EB8A-BDB4-B5FF-13B554322559}.Release|Any CPU.ActiveCfg = Release|Any CPU
		{765B5B25-EB8A-BDB4-B5FF-13B554322559}.Release|Any CPU.Build.0 = Release|Any CPU
	EndGlobalSection
	GlobalSection(SolutionProperties) = preSolution
		HideSolutionNode = FALSE
	EndGlobalSection
	GlobalSection(MonoDevelopProperties) = preSolution
		StartupItem = Assembly-CSharp.csproj
	EndGlobalSection
EndGlobal
