
Microsoft Visual Studio Solution File, Format Version 11.00
# Visual Studio 2010
Project("{FAE04EC0-301F-11D3-BF4B-00C04F79EFBC}") = "Add_object_at_runtime", "Assembly-CSharp.csproj", "{3978B85A-0347-2311-217D-2B273FC7A683}"
EndProject
Global
	GlobalSection(SolutionConfigurationPlatforms) = preSolution
		Debug|Any CPU = Debug|Any CPU
		Release|Any CPU = Release|Any CPU
	EndGlobalSection
	GlobalSection(ProjectConfigurationPlatforms) = postSolution
		{3978B85A-0347-2311-217D-2B273FC7A683}.Debug|Any CPU.ActiveCfg = Debug|Any CPU
		{3978B85A-0347-2311-217D-2B273FC7A683}.Debug|Any CPU.Build.0 = Debug|Any CPU
		{3978B85A-0347-2311-217D-2B273FC7A683}.Release|Any CPU.ActiveCfg = Release|Any CPU
		{3978B85A-0347-2311-217D-2B273FC7A683}.Release|Any CPU.Build.0 = Release|Any CPU
	EndGlobalSection
	GlobalSection(SolutionProperties) = preSolution
		HideSolutionNode = FALSE
	EndGlobalSection
	GlobalSection(MonoDevelopProperties) = preSolution
		StartupItem = Assembly-CSharp.csproj
	EndGlobalSection
EndGlobal
